{
  "name": "bhyve",
  "version": "1.0.0",
  "lockfileVersion": 1,
  "requires": true,
  "dependencies": {
    "await-timeout": {
      "version": "1.1.1",
      "resolved": "https://registry.npmjs.org/await-timeout/-/await-timeout-1.1.1.tgz",
      "integrity": "sha512-gsDXAS6XVc4Jt+7S92MPX6Noq69bdeXUPEaXd8dk3+yVr629LTDLxNt4j1ycBbrU+AStK2PhKIyNIM+xzWMVOQ=="
    },
    "axios": {
      "version": "0.23.0",
      "resolved": "https://registry.npmjs.org/axios/-/axios-0.23.0.tgz",
      "integrity": "sha512-NmvAE4i0YAv5cKq8zlDoPd1VLKAqX5oLuZKs8xkJa4qi6RGn0uhCYFjWtHHC9EM/MwOwYWOs53W+V0aqEXq1sg==",
      "requires": {
        "follow-redirects": "^1.14.4"
      }
    },
    "bent": {
      "version": "7.3.12",
      "resolved": "https://registry.npmjs.org/bent/-/bent-7.3.12.tgz",
      "integrity": "sha512-T3yrKnVGB63zRuoco/7Ybl7BwwGZR0lceoVG5XmQyMIH9s19SV5m+a8qam4if0zQuAmOQTyPTPmsQBdAorGK3w==",
      "requires": {
        "bytesish": "^0.4.1",
        "caseless": "~0.12.0",
        "is-stream": "^2.0.0"
      }
    },
    "bytesish": {
      "version": "0.4.4",
      "resolved": "https://registry.npmjs.org/bytesish/-/bytesish-0.4.4.tgz",
      "integrity": "sha512-i4uu6M4zuMUiyfZN4RU2+i9+peJh//pXhd9x1oSe1LBkZ3LEbCoygu8W0bXTukU1Jme2txKuotpCZRaC3FLxcQ=="
    },
    "caseless": {
      "version": "0.12.0",
      "resolved": "https://registry.npmjs.org/caseless/-/caseless-0.12.0.tgz",
      "integrity": "sha1-G2gcIf+EAzyCZUMJBolCDRhxUdw="
    },
    "follow-redirects": {
      "version": "1.14.4",
      "resolved": "https://registry.npmjs.org/follow-redirects/-/follow-redirects-1.14.4.tgz",
      "integrity": "sha512-zwGkiSXC1MUJG/qmeIFH2HBJx9u0V46QGUe3YR1fXG8bXQxq7fLj0RjLZQ5nubr9qNJUZrH+xUcwXEoXNpfS+g=="
    },
    "is-stream": {
      "version": "2.0.0",
      "resolved": "https://registry.npmjs.org/is-stream/-/is-stream-2.0.0.tgz",
      "integrity": "sha512-XCoy+WlUr7d1+Z8GgSuXmpuUFC9fOhRXglJMx+dwLKTkL44Cjd4W1Z5P+BQZpr+cR93aGP4S/s7Ftw6Nd/kiEw=="
    },
    "mitt": {
      "version": "2.1.0",
      "resolved": "https://registry.npmjs.org/mitt/-/mitt-2.1.0.tgz",
      "integrity": "sha512-ILj2TpLiysu2wkBbWjAmww7TkZb65aiQO+DkVdUTBpBXq+MHYiETENkKFMtsJZX1Lf4pe4QOrTSjIfUwN5lRdg=="
    },
    "reconnecting-websocket": {
      "version": "4.4.0",
      "resolved": "https://registry.npmjs.org/reconnecting-websocket/-/reconnecting-websocket-4.4.0.tgz",
      "integrity": "sha512-D2E33ceRPga0NvTDhJmphEgJ7FUYF0v4lr1ki0csq06OdlxKfugGzN0dSkxM/NfqCxYELK4KcaTOUOjTV6Dcng=="
    },
    "tiny-timer": {
      "version": "1.6.0",
      "resolved": "https://registry.npmjs.org/tiny-timer/-/tiny-timer-1.6.0.tgz",
      "integrity": "sha512-2ciJ4w+0EKDRmVihzj8aBxDw2da9L88aTwslhf1Clphwt2NV927N7xH90tqz/M02lziboDkx+IypnnWqzjnv9g==",
      "requires": {
        "mitt": "^2.1.0"
      }
    },
    "ws": {
      "version": "7.5.5",
      "resolved": "https://registry.npmjs.org/ws/-/ws-7.5.5.tgz",
      "integrity": "sha512-BAkMFcAzl8as1G/hArkxOxq3G7pjUqQ3gzYbLL0/5zNkph70e+lCoxBGnm6AW1+/aiNeV4fnKqZ8m4GZewmH2w=="
    }
  }
}
